// !$*UTF8*$!
{
	archiveVersion = 1;
	classes = {
	};
	objectVersion = 56;
	objects = {

/* Begin PBXBuildFile section */
		7561D7432A2DB02E000C1679 /* ToDoList+CoreDataClass.swift in Sources */ = {isa = PBXBuildFile; fileRef = 7561D7412A2DB02E000C1679 /* ToDoList+CoreDataClass.swift */; };
		7561D7442A2DB02F000C1679 /* ToDoList+CoreDataProperties.swift in Sources */ = {isa = PBXBuildFile; fileRef = 7561D7422A2DB02E000C1679 /* ToDoList+CoreDataProperties.swift */; };
		7561D74A2A2DB441000C1679 /* Persistence.swift in Sources */ = {isa = PBXBuildFile; fileRef = 7561D7492A2DB441000C1679 /* Persistence.swift */; };
		7561D74C2A2DD9C6000C1679 /* NoteViewController.swift in Sources */ = {isa = PBXBuildFile; fileRef = 7561D74B2A2DD9C6000C1679 /* NoteViewController.swift */; };
		75D58FAD2A2CB240009DCEF0 /* AppDelegate.swift in Sources */ = {isa = PBXBuildFile; fileRef = 75D58FAC2A2CB240009DCEF0 /* AppDelegate.swift */; };
		75D58FAF2A2CB240009DCEF0 /* SceneDelegate.swift in Sources */ = {isa = PBXBuildFile; fileRef = 75D58FAE2A2CB240009DCEF0 /* SceneDelegate.swift */; };
		75D58FB42A2CB240009DCEF0 /* Main.storyboard in Resources */ = {isa = PBXBuildFile; fileRef = 75D58FB22A2CB240009DCEF0 /* Main.storyboard */; };
		75D58FB72A2CB240009DCEF0 /* DemotodoList.xcdatamodeld in Sources */ = {isa = PBXBuildFile; fileRef = 75D58FB52A2CB240009DCEF0 /* DemotodoList.xcdatamodeld */; };
		75D58FB92A2CB243009DCEF0 /* Assets.xcassets in Resources */ = {isa = PBXBuildFile; fileRef = 75D58FB82A2CB243009DCEF0 /* Assets.xcassets */; };
		75D58FBC2A2CB243009DCEF0 /* LaunchScreen.storyboard in Resources */ = {isa = PBXBuildFile; fileRef = 75D58FBA2A2CB243009DCEF0 /* LaunchScreen.storyboard */; };
		75D58FC72A2CB243009DCEF0 /* DemotodoListTests.swift in Sources */ = {isa = PBXBuildFile; fileRef = 75D58FC62A2CB243009DCEF0 /* DemotodoListTests.swift */; };
		75D58FD12A2CB243009DCEF0 /* DemotodoListUITests.swift in Sources */ = {isa = PBXBuildFile; fileRef = 75D58FD02A2CB243009DCEF0 /* DemotodoListUITests.swift */; };
		75D58FD32A2CB243009DCEF0 /* DemotodoListUITestsLaunchTests.swift in Sources */ = {isa = PBXBuildFile; fileRef = 75D58FD22A2CB243009DCEF0 /* DemotodoListUITestsLaunchTests.swift */; };
		75EBCA032A38B46500BF10F3 /* SplashVc.swift in Sources */ = {isa = PBXBuildFile; fileRef = 75EBCA022A38B46500BF10F3 /* SplashVc.swift */; };
/* End PBXBuildFile section */

/* Begin PBXContainerItemProxy section */
		75D58FC32A2CB243009DCEF0 /* PBXContainerItemProxy */ = {
			isa = PBXContainerItemProxy;
			containerPortal = 75D58FA12A2CB240009DCEF0 /* Project object */;
			proxyType = 1;
			remoteGlobalIDString = 75D58FA82A2CB240009DCEF0;
			remoteInfo = DemotodoList;
		};
		75D58FCD2A2CB243009DCEF0 /* PBXContainerItemProxy */ = {
			isa = PBXContainerItemProxy;
			containerPortal = 75D58FA12A2CB240009DCEF0 /* Project object */;
			proxyType = 1;
			remoteGlobalIDString = 75D58FA82A2CB240009DCEF0;
			remoteInfo = DemotodoList;
		};
/* End PBXContainerItemProxy section */

/* Begin PBXFileReference section */
		7561D7412A2DB02E000C1679 /* ToDoList+CoreDataClass.swift */ = {isa = PBXFileReference; lastKnownFileType = sourcecode.swift; path = "ToDoList+CoreDataClass.swift"; sourceTree = "<group>"; };
		7561D7422A2DB02E000C1679 /* ToDoList+CoreDataProperties.swift */ = {isa = PBXFileReference; lastKnownFileType = sourcecode.swift; path = "ToDoList+CoreDataProperties.swift"; sourceTree = "<group>"; };
		7561D7492A2DB441000C1679 /* Persistence.swift */ = {isa = PBXFileReference; lastKnownFileType = sourcecode.swift; path = Persistence.swift; sourceTree = "<group>"; };
		7561D74B2A2DD9C6000C1679 /* NoteViewController.swift */ = {isa = PBXFileReference; lastKnownFileType = sourcecode.swift; path = NoteViewController.swift; sourceTree = "<group>"; };
		75D58FA92A2CB240009DCEF0 /* DemotodoList.app */ = {isa = PBXFileReference; explicitFileType = wrapper.application; includeInIndex = 0; path = DemotodoList.app; sourceTree = BUILT_PRODUCTS_DIR; };
		75D58FAC2A2CB240009DCEF0 /* AppDelegate.swift */ = {isa = PBXFileReference; lastKnownFileType = sourcecode.swift; path = AppDelegate.swift; sourceTree = "<group>"; };
		75D58FAE2A2CB240009DCEF0 /* SceneDelegate.swift */ = {isa = PBXFileReference; lastKnownFileType = sourcecode.swift; path = SceneDelegate.swift; sourceTree = "<group>"; };
		75D58FB32A2CB240009DCEF0 /* Base */ = {isa = PBXFileReference; lastKnownFileType = file.storyboard; name = Base; path = Base.lproj/Main.storyboard; sourceTree = "<group>"; };
		75D58FB62A2CB240009DCEF0 /* DemotodoList.xcdatamodel */ = {isa = PBXFileReference; lastKnownFileType = wrapper.xcdatamodel; path = DemotodoList.xcdatamodel; sourceTree = "<group>"; };
		75D58FB82A2CB243009DCEF0 /* Assets.xcassets */ = {isa = PBXFileReference; lastKnownFileType = folder.assetcatalog; name = Assets.xcassets; path = DemotodoList/Assets.xcassets; sourceTree = SOURCE_ROOT; };
		75D58FBB2A2CB243009DCEF0 /* Base */ = {isa = PBXFileReference; lastKnownFileType = file.storyboard; name = Base; path = Base.lproj/LaunchScreen.storyboard; sourceTree = "<group>"; };
		75D58FBD2A2CB243009DCEF0 /* Info.plist */ = {isa = PBXFileReference; lastKnownFileType = text.plist.xml; path = Info.plist; sourceTree = "<group>"; };
		75D58FC22A2CB243009DCEF0 /* DemotodoListTests.xctest */ = {isa = PBXFileReference; explicitFileType = wrapper.cfbundle; includeInIndex = 0; path = DemotodoListTests.xctest; sourceTree = BUILT_PRODUCTS_DIR; };
		75D58FC62A2CB243009DCEF0 /* DemotodoListTests.swift */ = {isa = PBXFileReference; lastKnownFileType = sourcecode.swift; path = DemotodoListTests.swift; sourceTree = "<group>"; };
		75D58FCC2A2CB243009DCEF0 /* DemotodoListUITests.xctest */ = {isa = PBXFileReference; explicitFileType = wrapper.cfbundle; includeInIndex = 0; path = DemotodoListUITests.xctest; sourceTree = BUILT_PRODUCTS_DIR; };
		75D58FD02A2CB243009DCEF0 /* DemotodoListUITests.swift */ = {isa = PBXFileReference; lastKnownFileType = sourcecode.swift; path = DemotodoListUITests.swift; sourceTree = "<group>"; };
		75D58FD22A2CB243009DCEF0 /* DemotodoListUITestsLaunchTests.swift */ = {isa = PBXFileReference; lastKnownFileType = sourcecode.swift; path = DemotodoListUITestsLaunchTests.swift; sourceTree = "<group>"; };
		75EBCA022A38B46500BF10F3 /* SplashVc.swift */ = {isa = PBXFileReference; lastKnownFileType = sourcecode.swift; name = SplashVc.swift; path = DemotodoList/Controller/SplashVc.swift; sourceTree = SOURCE_ROOT; };
/* End PBXFileReference section */

/* Begin PBXFrameworksBuildPhase section */
		75D58FA62A2CB240009DCEF0 /* Frameworks */ = {
			isa = PBXFrameworksBuildPhase;
			buildActionMask = 2147483647;
			files = (
			);
			runOnlyForDeploymentPostprocessing = 0;
		};
		75D58FBF2A2CB243009DCEF0 /* Frameworks */ = {
			isa = PBXFrameworksBuildPhase;
			buildActionMask = 2147483647;
			files = (
			);
			runOnlyForDeploymentPostprocessing = 0;
		};
		75D58FC92A2CB243009DCEF0 /* Frameworks */ = {
			isa = PBXFrameworksBuildPhase;
			buildActionMask = 2147483647;
			files = (
			);
			runOnlyForDeploymentPostprocessing = 0;
		};
/* End PBXFrameworksBuildPhase section */

/* Begin PBXGroup section */
		7561D7452A2DB055000C1679 /* Delegates */ = {
			isa = PBXGroup;
			children = (
				75D58FAC2A2CB240009DCEF0 /* AppDelegate.swift */,
				75D58FAE2A2CB240009DCEF0 /* SceneDelegate.swift */,
			);
			path = Delegates;
			sourceTree = "<group>";
		};
		7561D7462A2DB073000C1679 /* Controller */ = {
			isa = PBXGroup;
			children = (
				7561D7482A2DB40D000C1679 /* Persistence */,
				7561D74B2A2DD9C6000C1679 /* NoteViewController.swift */,
				75EBCA022A38B46500BF10F3 /* SplashVc.swift */,
			);
			path = Controller;
			sourceTree = "<group>";
		};
		7561D7472A2DB090000C1679 /* View */ = {
			isa = PBXGroup;
			children = (
				75D58FB22A2CB240009DCEF0 /* Main.storyboard */,
			);
			path = View;
			sourceTree = "<group>";
		};
		7561D7482A2DB40D000C1679 /* Persistence */ = {
			isa = PBXGroup;
			children = (
				7561D7492A2DB441000C1679 /* Persistence.swift */,
			);
			path = Persistence;
			sourceTree = "<group>";
		};
		75D58FA02A2CB240009DCEF0 = {
			isa = PBXGroup;
			children = (
				7561D7412A2DB02E000C1679 /* ToDoList+CoreDataClass.swift */,
				7561D7422A2DB02E000C1679 /* ToDoList+CoreDataProperties.swift */,
				75D58FAB2A2CB240009DCEF0 /* DemotodoList */,
				75D58FC52A2CB243009DCEF0 /* DemotodoListTests */,
				75D58FCF2A2CB243009DCEF0 /* DemotodoListUITests */,
				75D58FAA2A2CB240009DCEF0 /* Products */,
			);
			sourceTree = "<group>";
		};
		75D58FAA2A2CB240009DCEF0 /* Products */ = {
			isa = PBXGroup;
			children = (
				75D58FA92A2CB240009DCEF0 /* DemotodoList.app */,
				75D58FC22A2CB243009DCEF0 /* DemotodoListTests.xctest */,
				75D58FCC2A2CB243009DCEF0 /* DemotodoListUITests.xctest */,
			);
			name = Products;
			sourceTree = "<group>";
		};
		75D58FAB2A2CB240009DCEF0 /* DemotodoList */ = {
			isa = PBXGroup;
			children = (
				7561D7452A2DB055000C1679 /* Delegates */,
				7561D7462A2DB073000C1679 /* Controller */,
				7561D7472A2DB090000C1679 /* View */,
				75D58FB82A2CB243009DCEF0 /* Assets.xcassets */,
				75D58FBA2A2CB243009DCEF0 /* LaunchScreen.storyboard */,
				75D58FBD2A2CB243009DCEF0 /* Info.plist */,
				75D58FB52A2CB240009DCEF0 /* DemotodoList.xcdatamodeld */,
			);
			path = DemotodoList;
			sourceTree = "<group>";
		};
		75D58FC52A2CB243009DCEF0 /* DemotodoListTests */ = {
			isa = PBXGroup;
			children = (
				75D58FC62A2CB243009DCEF0 /* DemotodoListTests.swift */,
			);
			path = DemotodoListTests;
			sourceTree = "<group>";
		};
		75D58FCF2A2CB243009DCEF0 /* DemotodoListUITests */ = {
			isa = PBXGroup;
			children = (
				75D58FD02A2CB243009DCEF0 /* DemotodoListUITests.swift */,
				75D58FD22A2CB243009DCEF0 /* DemotodoListUITestsLaunchTests.swift */,
			);
			path = DemotodoListUITests;
			sourceTree = "<group>";
		};
/* End PBXGroup section */

/* Begin PBXNativeTarget section */
		75D58FA82A2CB240009DCEF0 /* DemotodoList */ = {
			isa = PBXNativeTarget;
			buildConfigurationList = 75D58FD62A2CB243009DCEF0 /* Build configuration list for PBXNativeTarget "DemotodoList" */;
			buildPhases = (
				75D58FA52A2CB240009DCEF0 /* Sources */,
				75D58FA62A2CB240009DCEF0 /* Frameworks */,
				75D58FA72A2CB240009DCEF0 /* Resources */,
			);
			buildRules = (
			);
			dependencies = (
			);
			name = DemotodoList;
			productName = DemotodoList;
			productReference = 75D58FA92A2CB240009DCEF0 /* DemotodoList.app */;
			productType = "com.apple.product-type.application";
		};
		75D58FC12A2CB243009DCEF0 /* DemotodoListTests */ = {
			isa = PBXNativeTarget;
			buildConfigurationList = 75D58FD92A2CB243009DCEF0 /* Build configuration list for PBXNativeTarget "DemotodoListTests" */;
			buildPhases = (
				75D58FBE2A2CB243009DCEF0 /* Sources */,
				75D58FBF2A2CB243009DCEF0 /* Frameworks */,
				75D58FC02A2CB243009DCEF0 /* Resources */,
			);
			buildRules = (
			);
			dependencies = (
				75D58FC42A2CB243009DCEF0 /* PBXTargetDependency */,
			);
			name = DemotodoListTests;
			productName = DemotodoListTests;
			productReference = 75D58FC22A2CB243009DCEF0 /* DemotodoListTests.xctest */;
			productType = "com.apple.product-type.bundle.unit-test";
		};
		75D58FCB2A2CB243009DCEF0 /* DemotodoListUITests */ = {
			isa = PBXNativeTarget;
			buildConfigurationList = 75D58FDC2A2CB243009DCEF0 /* Build configuration list for PBXNativeTarget "DemotodoListUITests" */;
			buildPhases = (
				75D58FC82A2CB243009DCEF0 /* Sources */,
				75D58FC92A2CB243009DCEF0 /* Frameworks */,
				75D58FCA2A2CB243009DCEF0 /* Resources */,
			);
			buildRules = (
			);
			dependencies = (
				75D58FCE2A2CB243009DCEF0 /* PBXTargetDependency */,
			);
			name = DemotodoListUITests;
			productName = DemotodoListUITests;
			productReference = 75D58FCC2A2CB243009DCEF0 /* DemotodoListUITests.xctest */;
			productType = "com.apple.product-type.bundle.ui-testing";
		};
/* End PBXNativeTarget section */

/* Begin PBXProject section */
		75D58FA12A2CB240009DCEF0 /* Project object */ = {
			isa = PBXProject;
			attributes = {
				BuildIndependentTargetsInParallel = 1;
				LastSwiftUpdateCheck = 1430;
				LastUpgradeCheck = 1430;
				TargetAttributes = {
					75D58FA82A2CB240009DCEF0 = {
						CreatedOnToolsVersion = 14.3.1;
					};
					75D58FC12A2CB243009DCEF0 = {
						CreatedOnToolsVersion = 14.3.1;
						TestTargetID = 75D58FA82A2CB240009DCEF0;
					};
					75D58FCB2A2CB243009DCEF0 = {
						CreatedOnToolsVersion = 14.3.1;
						TestTargetID = 75D58FA82A2CB240009DCEF0;
					};
				};
			};
			buildConfigurationList = 75D58FA42A2CB240009DCEF0 /* Build configuration list for PBXProject "DemotodoList" */;
			compatibilityVersion = "Xcode 14.0";
			developmentRegion = en;
			hasScannedForEncodings = 0;
			knownRegions = (
				en,
				Base,
			);
			mainGroup = 75D58FA02A2CB240009DCEF0;
			productRefGroup = 75D58FAA2A2CB240009DCEF0 /* Products */;
			projectDirPath = "";
			projectRoot = "";
			targets = (
				75D58FA82A2CB240009DCEF0 /* DemotodoList */,
				75D58FC12A2CB243009DCEF0 /* DemotodoListTests */,
				75D58FCB2A2CB243009DCEF0 /* DemotodoListUITests */,
			);
		};
/* End PBXProject section */

/* Begin PBXResourcesBuildPhase section */
		75D58FA72A2CB240009DCEF0 /* Resources */ = {
			isa = PBXResourcesBuildPhase;
			buildActionMask = 2147483647;
			files = (
				75D58FBC2A2CB243009DCEF0 /* LaunchScreen.storyboard in Resources */,
				75D58FB92A2CB243009DCEF0 /* Assets.xcassets in Resources */,
				75D58FB42A2CB240009DCEF0 /* Main.storyboard in Resources */,
			);
			runOnlyForDeploymentPostprocessing = 0;
		};
		75D58FC02A2CB243009DCEF0 /* Resources */ = {
			isa = PBXResourcesBuildPhase;
			buildActionMask = 2147483647;
			files = (
			);
			runOnlyForDeploymentPostprocessing = 0;
		};
		75D58FCA2A2CB243009DCEF0 /* Resources */ = {
			isa = PBXResourcesBuildPhase;
			buildActionMask = 2147483647;
			files = (
			);
			runOnlyForDeploymentPostprocessing = 0;
		};
/* End PBXResourcesBuildPhase section */

/* Begin PBXSourcesBuildPhase section */
		75D58FA52A2CB240009DCEF0 /* Sources */ = {
			isa = PBXSourcesBuildPhase;
			buildActionMask = 2147483647;
			files = (
				7561D74C2A2DD9C6000C1679 /* NoteViewController.swift in Sources */,
				75D58FB72A2CB240009DCEF0 /* DemotodoList.xcdatamodeld in Sources */,
				7561D7432A2DB02E000C1679 /* ToDoList+CoreDataClass.swift in Sources */,
				7561D74A2A2DB441000C1679 /* Persistence.swift in Sources */,
				75D58FAD2A2CB240009DCEF0 /* AppDelegate.swift in Sources */,
				75EBCA032A38B46500BF10F3 /* SplashVc.swift in Sources */,
				75D58FAF2A2CB240009DCEF0 /* SceneDelegate.swift in Sources */,
				7561D7442A2DB02F000C1679 /* ToDoList+CoreDataProperties.swift in Sources */,
			);
			runOnlyForDeploymentPostprocessing = 0;
		};
		75D58FBE2A2CB243009DCEF0 /* Sources */ = {
			isa = PBXSourcesBuildPhase;
			buildActionMask = 2147483647;
			files = (
				75D58FC72A2CB243009DCEF0 /* DemotodoListTests.swift in Sources */,
			);
			runOnlyForDeploymentPostprocessing = 0;
		};
		75D58FC82A2CB243009DCEF0 /* Sources */ = {
			isa = PBXSourcesBuildPhase;
			buildActionMask = 2147483647;
			files = (
				75D58FD12A2CB243009DCEF0 /* DemotodoListUITests.swift in Sources */,
				75D58FD32A2CB243009DCEF0 /* DemotodoListUITestsLaunchTests.swift in Sources */,
			);
			runOnlyForDeploymentPostprocessing = 0;
		};
/* End PBXSourcesBuildPhase section */

/* Begin PBXTargetDependency section */
		75D58FC42A2CB243009DCEF0 /* PBXTargetDependency */ = {
			isa = PBXTargetDependency;
			target = 75D58FA82A2CB240009DCEF0 /* DemotodoList */;
			targetProxy = 75D58FC32A2CB243009DCEF0 /* PBXContainerItemProxy */;
		};
		75D58FCE2A2CB243009DCEF0 /* PBXTargetDependency */ = {
			isa = PBXTargetDependency;
			target = 75D58FA82A2CB240009DCEF0 /* DemotodoList */;
			targetProxy = 75D58FCD2A2CB243009DCEF0 /* PBXContainerItemProxy */;
		};
/* End PBXTargetDependency section */

/* Begin PBXVariantGroup section */
		75D58FB22A2CB240009DCEF0 /* Main.storyboard */ = {
			isa = PBXVariantGroup;
			children = (
				75D58FB32A2CB240009DCEF0 /* Base */,
			);
			name = Main.storyboard;
			sourceTree = "<group>";
		};
		75D58FBA2A2CB243009DCEF0 /* LaunchScreen.storyboard */ = {
			isa = PBXVariantGroup;
			children = (
				75D58FBB2A2CB243009DCEF0 /* Base */,
			);
			name = LaunchScreen.storyboard;
			sourceTree = "<group>";
		};
/* End PBXVariantGroup section */

/* Begin XCBuildConfiguration section */
		75D58FD42A2CB243009DCEF0 /* Debug */ = {
			isa = XCBuildConfiguration;
			buildSettings = {
				ALWAYS_SEARCH_USER_PATHS = NO;
				CLANG_ANALYZER_NONNULL = YES;
				CLANG_ANALYZER_NUMBER_OBJECT_CONVERSION = YES_AGGRESSIVE;
				CLANG_CXX_LANGUAGE_STANDARD = "gnu++20";
				CLANG_ENABLE_MODULES = YES;
				CLANG_ENABLE_OBJC_ARC = YES;
				CLANG_ENABLE_OBJC_WEAK = YES;
				CLANG_WARN_BLOCK_CAPTURE_AUTORELEASING = YES;
				CLANG_WARN_BOOL_CONVERSION = YES;
				CLANG_WARN_COMMA = YES;
				CLANG_WARN_CONSTANT_CONVERSION = YES;
				CLANG_WARN_DEPRECATED_OBJC_IMPLEMENTATIONS = YES;
				CLANG_WARN_DIRECT_OBJC_ISA_USAGE = YES_ERROR;
				CLANG_WARN_DOCUMENTATION_COMMENTS = YES;
				CLANG_WARN_EMPTY_BODY = YES;
				CLANG_WARN_ENUM_CONVERSION = YES;
				CLANG_WARN_INFINITE_RECURSION = YES;
				CLANG_WARN_INT_CONVERSION = YES;
				CLANG_WARN_NON_LITERAL_NULL_CONVERSION = YES;
				CLANG_WARN_OBJC_IMPLICIT_RETAIN_SELF = YES;
				CLANG_WARN_OBJC_LITERAL_CONVERSION = YES;
				CLANG_WARN_OBJC_ROOT_CLASS = YES_ERROR;
				CLANG_WARN_QUOTED_INCLUDE_IN_FRAMEWORK_HEADER = YES;
				CLANG_WARN_RANGE_LOOP_ANALYSIS = YES;
				CLANG_WARN_STRICT_PROTOTYPES = YES;
				CLANG_WARN_SUSPICIOUS_MOVE = YES;
				CLANG_WARN_UNGUARDED_AVAILABILITY = YES_AGGRESSIVE;
				CLANG_WARN_UNREACHABLE_CODE = YES;
				CLANG_WARN__DUPLICATE_METHOD_MATCH = YES;
				COPY_PHASE_STRIP = NO;
				DEBUG_INFORMATION_FORMAT = dwarf;
				ENABLE_STRICT_OBJC_MSGSEND = YES;
				ENABLE_TESTABILITY = YES;
				GCC_C_LANGUAGE_STANDARD = gnu11;
				GCC_DYNAMIC_NO_PIC = NO;
				GCC_NO_COMMON_BLOCKS = YES;
				GCC_OPTIMIZATION_LEVEL = 0;
				GCC_PREPROCESSOR_DEFINITIONS = (
					"DEBUG=1",
					"$(inherited)",
				);
				GCC_WARN_64_TO_32_BIT_CONVERSION = YES;
				GCC_WARN_ABOUT_RETURN_TYPE = YES_ERROR;
				GCC_WARN_UNDECLARED_SELECTOR = YES;
				GCC_WARN_UNINITIALIZED_AUTOS = YES_AGGRESSIVE;
				GCC_WARN_UNUSED_FUNCTION = YES;
				GCC_WARN_UNUSED_VARIABLE = YES;
				IPHONEOS_DEPLOYMENT_TARGET = 16.4;
				MTL_ENABLE_DEBUG_INFO = INCLUDE_SOURCE;
				MTL_FAST_MATH = YES;
				ONLY_ACTIVE_ARCH = YES;
				SDKROOT = iphoneos;
				SWIFT_ACTIVE_COMPILATION_CONDITIONS = DEBUG;
				SWIFT_OPTIMIZATION_LEVEL = "-Onone";
			};
			name = Debug;
		};
		75D58FD52A2CB243009DCEF0 /* Release */ = {
			isa = XCBuildConfiguration;
			buildSettings = {
				ALWAYS_SEARCH_USER_PATHS = NO;
				CLANG_ANALYZER_NONNULL = YES;
				CLANG_ANALYZER_NUMBER_OBJECT_CONVERSION = YES_AGGRESSIVE;
				CLANG_CXX_LANGUAGE_STANDARD = "gnu++20";
				CLANG_ENABLE_MODULES = YES;
				CLANG_ENABLE_OBJC_ARC = YES;
				CLANG_ENABLE_OBJC_WEAK = YES;
				CLANG_WARN_BLOCK_CAPTURE_AUTORELEASING = YES;
				CLANG_WARN_BOOL_CONVERSION = YES;
				CLANG_WARN_COMMA = YES;
				CLANG_WARN_CONSTANT_CONVERSION = YES;
				CLANG_WARN_DEPRECATED_OBJC_IMPLEMENTATIONS = YES;
				CLANG_WARN_DIRECT_OBJC_ISA_USAGE = YES_ERROR;
				CLANG_WARN_DOCUMENTATION_COMMENTS = YES;
				CLANG_WARN_EMPTY_BODY = YES;
				CLANG_WARN_ENUM_CONVERSION = YES;
				CLANG_WARN_INFINITE_RECURSION = YES;
				CLANG_WARN_INT_CONVERSION = YES;
				CLANG_WARN_NON_LITERAL_NULL_CONVERSION = YES;
				CLANG_WARN_OBJC_IMPLICIT_RETAIN_SELF = YES;
				CLANG_WARN_OBJC_LITERAL_CONVERSION = YES;
				CLANG_WARN_OBJC_ROOT_CLASS = YES_ERROR;
				CLANG_WARN_QUOTED_INCLUDE_IN_FRAMEWORK_HEADER = YES;
				CLANG_WARN_RANGE_LOOP_ANALYSIS = YES;
				CLANG_WARN_STRICT_PROTOTYPES = YES;
				CLANG_WARN_SUSPICIOUS_MOVE = YES;
				CLANG_WARN_UNGUARDED_AVAILABILITY = YES_AGGRESSIVE;
				CLANG_WARN_UNREACHABLE_CODE = YES;
				CLANG_WARN__DUPLICATE_METHOD_MATCH = YES;
				COPY_PHASE_STRIP = NO;
				DEBUG_INFORMATION_FORMAT = "dwarf-with-dsym";
				ENABLE_NS_ASSERTIONS = NO;
				ENABLE_STRICT_OBJC_MSGSEND = YES;
				GCC_C_LANGUAGE_STANDARD = gnu11;
				GCC_NO_COMMON_BLOCKS = YES;
				GCC_WARN_64_TO_32_BIT_CONVERSION = YES;
				GCC_WARN_ABOUT_RETURN_TYPE = YES_ERROR;
				GCC_WARN_UNDECLARED_SELECTOR = YES;
				GCC_WARN_UNINITIALIZED_AUTOS = YES_AGGRESSIVE;
				GCC_WARN_UNUSED_FUNCTION = YES;
				GCC_WARN_UNUSED_VARIABLE = YES;
				IPHONEOS_DEPLOYMENT_TARGET = 16.4;
				MTL_ENABLE_DEBUG_INFO = NO;
				MTL_FAST_MATH = YES;
				SDKROOT = iphoneos;
				SWIFT_COMPILATION_MODE = wholemodule;
				SWIFT_OPTIMIZATION_LEVEL = "-O";
				VALIDATE_PRODUCT = YES;
			};
			name = Release;
		};
		75D58FD72A2CB243009DCEF0 /* Debug */ = {
			isa = XCBuildConfiguration;
			buildSettings = {
				ASSETCATALOG_COMPILER_APPICON_NAME = AppIcon;
				ASSETCATALOG_COMPILER_GLOBAL_ACCENT_COLOR_NAME = AccentColor;
				CODE_SIGN_STYLE = Automatic;
				CURRENT_PROJECT_VERSION = 1;
				DEVELOPMENT_TEAM = XZSCJYVM28;
				GENERATE_INFOPLIST_FILE = YES;
				INFOPLIST_FILE = DemotodoList/Info.plist;
				INFOPLIST_KEY_UIApplicationSupportsIndirectInputEvents = YES;
				INFOPLIST_KEY_UILaunchStoryboardName = LaunchScreen;
				INFOPLIST_KEY_UIMainStoryboardFile = Main;
				INFOPLIST_KEY_UISupportedInterfaceOrientations_iPad = "UIInterfaceOrientationPortrait UIInterfaceOrientationPortraitUpsideDown UIInterfaceOrientationLandscapeLeft UIInterfaceOrientationLandscapeRight";
				INFOPLIST_KEY_UISupportedInterfaceOrientations_iPhone = "UIInterfaceOrientationPortrait UIInterfaceOrientationLandscapeLeft UIInterfaceOrientationLandscapeRight";
				LD_RUNPATH_SEARCH_PATHS = (
					"$(inherited)",
					"@executable_path/Frameworks",
				);
				MARKETING_VERSION = 1.0;
				PRODUCT_BUNDLE_IDENTIFIER = com.ashishSourabh.app.DemotodoList;
				PRODUCT_NAME = "$(TARGET_NAME)";
				SWIFT_EMIT_LOC_STRINGS = YES;
				SWIFT_VERSION = 5.0;
				TARGETED_DEVICE_FAMILY = "1,2";
			};
			name = Debug;
		};
		75D58FD82A2CB243009DCEF0 /* Release */ = {
			isa = XCBuildConfiguration;
			buildSettings = {
				ASSETCATALOG_COMPILER_APPICON_NAME = AppIcon;
				ASSETCATALOG_COMPILER_GLOBAL_ACCENT_COLOR_NAME = AccentColor;
				CODE_SIGN_STYLE = Automatic;
				CURRENT_PROJECT_VERSION = 1;
				DEVELOPMENT_TEAM = XZSCJYVM28;
				GENERATE_INFOPLIST_FILE = YES;
				INFOPLIST_FILE = DemotodoList/Info.plist;
				INFOPLIST_KEY_UIApplicationSupportsIndirectInputEvents = YES;
				INFOPLIST_KEY_UILaunchStoryboardName = LaunchScreen;
				INFOPLIST_KEY_UIMainStoryboardFile = Main;
				INFOPLIST_KEY_UISupportedInterfaceOrientations_iPad = "UIInterfaceOrientationPortrait UIInterfaceOrientationPortraitUpsideDown UIInterfaceOrientationLandscapeLeft UIInterfaceOrientationLandscapeRight";
				INFOPLIST_KEY_UISupportedInterfaceOrientations_iPhone = "UIInterfaceOrientationPortrait UIInterfaceOrientationLandscapeLeft UIInterfaceOrientationLandscapeRight";
				LD_RUNPATH_SEARCH_PATHS = (
					"$(inherited)",
					"@executable_path/Frameworks",
				);
				MARKETING_VERSION = 1.0;
				PRODUCT_BUNDLE_IDENTIFIER = com.ashishSourabh.app.DemotodoList;
				PRODUCT_NAME = "$(TARGET_NAME)";
				SWIFT_EMIT_LOC_STRINGS = YES;
				SWIFT_VERSION = 5.0;
				TARGETED_DEVICE_FAMILY = "1,2";
			};
			name = Release;
		};
		75D58FDA2A2CB243009DCEF0 /* Debug */ = {
			isa = XCBuildConfiguration;
			buildSettings = {
				ALWAYS_EMBED_SWIFT_STANDARD_LIBRARIES = YES;
				BUNDLE_LOADER = "$(TEST_HOST)";
				CODE_SIGN_STYLE = Automatic;
				CURRENT_PROJECT_VERSION = 1;
				DEVELOPMENT_TEAM = XZSCJYVM28;
				GENERATE_INFOPLIST_FILE = YES;
				IPHONEOS_DEPLOYMENT_TARGET = 16.4;
				MARKETING_VERSION = 1.0;
				PRODUCT_BUNDLE_IDENTIFIER = com.ashishSourabh.app.DemotodoListTests;
				PRODUCT_NAME = "$(TARGET_NAME)";
				SWIFT_EMIT_LOC_STRINGS = NO;
				SWIFT_VERSION = 5.0;
				TARGETED_DEVICE_FAMILY = "1,2";
				TEST_HOST = "$(BUILT_PRODUCTS_DIR)/DemotodoList.app/$(BUNDLE_EXECUTABLE_FOLDER_PATH)/DemotodoList";
			};
			name = Debug;
		};
		75D58FDB2A2CB243009DCEF0 /* Release */ = {
			isa = XCBuildConfiguration;
			buildSettings = {
				ALWAYS_EMBED_SWIFT_STANDARD_LIBRARIES = YES;
				BUNDLE_LOADER = "$(TEST_HOST)";
				CODE_SIGN_STYLE = Automatic;
				CURRENT_PROJECT_VERSION = 1;
				DEVELOPMENT_TEAM = XZSCJYVM28;
				GENERATE_INFOPLIST_FILE = YES;
				IPHONEOS_DEPLOYMENT_TARGET = 16.4;
				MARKETING_VERSION = 1.0;
				PRODUCT_BUNDLE_IDENTIFIER = com.ashishSourabh.app.DemotodoListTests;
				PRODUCT_NAME = "$(TARGET_NAME)";
				SWIFT_EMIT_LOC_STRINGS = NO;
				SWIFT_VERSION = 5.0;
				TARGETED_DEVICE_FAMILY = "1,2";
				TEST_HOST = "$(BUILT_PRODUCTS_DIR)/DemotodoList.app/$(BUNDLE_EXECUTABLE_FOLDER_PATH)/DemotodoList";
			};
			name = Release;
		};
		75D58FDD2A2CB243009DCEF0 /* Debug */ = {
			isa = XCBuildConfiguration;
			buildSettings = {
				ALWAYS_EMBED_SWIFT_STANDARD_LIBRARIES = YES;
				CODE_SIGN_STYLE = Automatic;
				CURRENT_PROJECT_VERSION = 1;
				DEVELOPMENT_TEAM = XZSCJYVM28;
				GENERATE_INFOPLIST_FILE = YES;
				MARKETING_VERSION = 1.0;
				PRODUCT_BUNDLE_IDENTIFIER = com.ashishSourabh.app.DemotodoListUITests;
				PRODUCT_NAME = "$(TARGET_NAME)";
				SWIFT_EMIT_LOC_STRINGS = NO;
				SWIFT_VERSION = 5.0;
				TARGETED_DEVICE_FAMILY = "1,2";
				TEST_TARGET_NAME = DemotodoList;
			};
			name = Debug;
		};
		75D58FDE2A2CB243009DCEF0 /* Release */ = {
			isa = XCBuildConfiguration;
			buildSettings = {
				ALWAYS_EMBED_SWIFT_STANDARD_LIBRARIES = YES;
				CODE_SIGN_STYLE = Automatic;
				CURRENT_PROJECT_VERSION = 1;
				DEVELOPMENT_TEAM = XZSCJYVM28;
				GENERATE_INFOPLIST_FILE = YES;
				MARKETING_VERSION = 1.0;
				PRODUCT_BUNDLE_IDENTIFIER = com.ashishSourabh.app.DemotodoListUITests;
				PRODUCT_NAME = "$(TARGET_NAME)";
				SWIFT_EMIT_LOC_STRINGS = NO;
				SWIFT_VERSION = 5.0;
				TARGETED_DEVICE_FAMILY = "1,2";
				TEST_TARGET_NAME = DemotodoList;
			};
			name = Release;
		};
/* End XCBuildConfiguration section */

/* Begin XCConfigurationList section */
		75D58FA42A2CB240009DCEF0 /* Build configuration list for PBXProject "DemotodoList" */ = {
			isa = XCConfigurationList;
			buildConfigurations = (
				75D58FD42A2CB243009DCEF0 /* Debug */,
				75D58FD52A2CB243009DCEF0 /* Release */,
			);
			defaultConfigurationIsVisible = 0;
			defaultConfigurationName = Release;
		};
		75D58FD62A2CB243009DCEF0 /* Build configuration list for PBXNativeTarget "DemotodoList" */ = {
			isa = XCConfigurationList;
			buildConfigurations = (
				75D58FD72A2CB243009DCEF0 /* Debug */,
				75D58FD82A2CB243009DCEF0 /* Release */,
			);
			defaultConfigurationIsVisible = 0;
			defaultConfigurationName = Release;
		};
		75D58FD92A2CB243009DCEF0 /* Build configuration list for PBXNativeTarget "DemotodoListTests" */ = {
			isa = XCConfigurationList;
			buildConfigurations = (
				75D58FDA2A2CB243009DCEF0 /* Debug */,
				75D58FDB2A2CB243009DCEF0 /* Release */,
			);
			defaultConfigurationIsVisible = 0;
			defaultConfigurationName = Release;
		};
		75D58FDC2A2CB243009DCEF0 /* Build configuration list for PBXNativeTarget "DemotodoListUITests" */ = {
			isa = XCConfigurationList;
			buildConfigurations = (
				75D58FDD2A2CB243009DCEF0 /* Debug */,
				75D58FDE2A2CB243009DCEF0 /* Release */,
			);
			defaultConfigurationIsVisible = 0;
			defaultConfigurationName = Release;
		};
/* End XCConfigurationList section */

/* Begin XCVersionGroup section */
		75D58FB52A2CB240009DCEF0 /* DemotodoList.xcdatamodeld */ = {
			isa = XCVersionGroup;
			children = (
				75D58FB62A2CB240009DCEF0 /* DemotodoList.xcdatamodel */,
			);
			currentVersion = 75D58FB62A2CB240009DCEF0 /* DemotodoList.xcdatamodel */;
			path = DemotodoList.xcdatamodeld;
			sourceTree = "<group>";
			versionGroupType = wrapper.xcdatamodel;
		};
/* End XCVersionGroup section */
	};
	rootObject = 75D58FA12A2CB240009DCEF0 /* Project object */;
}
